
Microsoft Visual Studio Solution File, Format Version 12.00
# Visual Studio 15
VisualStudioVersion = 15.0.26730.3
MinimumVisualStudioVersion = 10.0.40219.1
Project("{8BC9CEB8-8B4A-11D0-8D11-00A0C91BC942}") = "asdbg_host", "asdbg_host\asdbg_host.vcxproj", "{91E04468-8B49-45BC-80CA-3145F882D867}"
	ProjectSection(ProjectDependencies) = postProject
		{39E6AF97-6BA3-4A72-8C61-BCEBF214EBFD} = {39E6AF97-6BA3-4A72-8C61-BCEBF214EBFD}
	EndProjectSection
EndProject
Project("{FAE04EC0-301F-11D3-BF4B-00C04F79EFBC}") = "asdbg_ui", "asdbg_ui\asdbg_ui.csproj", "{CB0FAB5A-27C9-4925-B8FA-8914E2874894}"
EndProject
Project("{8BC9CEB8-8B4A-11D0-8D11-00A0C91BC942}") = "angelscript", "lib\angelscript\projects\msvc2015\angelscript.vcxproj", "{39E6AF97-6BA3-4A72-8C61-BCEBF214EBFD}"
EndProject
Global
	GlobalSection(SolutionConfigurationPlatforms) = preSolution
		clang_debug|Any CPU = clang_debug|Any CPU
		clang_debug|ARM = clang_debug|ARM
		clang_debug|x64 = clang_debug|x64
		clang_debug|x86 = clang_debug|x86
		Debug|Any CPU = Debug|Any CPU
		Debug|ARM = Debug|ARM
		Debug|x64 = Debug|x64
		Debug|x86 = Debug|x86
		Release|Any CPU = Release|Any CPU
		Release|ARM = Release|ARM
		Release|x64 = Release|x64
		Release|x86 = Release|x86
	EndGlobalSection
	GlobalSection(ProjectConfigurationPlatforms) = postSolution
		{91E04468-8B49-45BC-80CA-3145F882D867}.clang_debug|Any CPU.ActiveCfg = Release|x64
		{91E04468-8B49-45BC-80CA-3145F882D867}.clang_debug|Any CPU.Build.0 = Release|x64
		{91E04468-8B49-45BC-80CA-3145F882D867}.clang_debug|ARM.ActiveCfg = Release|x64
		{91E04468-8B49-45BC-80CA-3145F882D867}.clang_debug|ARM.Build.0 = Release|x64
		{91E04468-8B49-45BC-80CA-3145F882D867}.clang_debug|x64.ActiveCfg = Release|x64
		{91E04468-8B49-45BC-80CA-3145F882D867}.clang_debug|x64.Build.0 = Release|x64
		{91E04468-8B49-45BC-80CA-3145F882D867}.clang_debug|x86.ActiveCfg = Release|Win32
		{91E04468-8B49-45BC-80CA-3145F882D867}.clang_debug|x86.Build.0 = Release|Win32
		{91E04468-8B49-45BC-80CA-3145F882D867}.Debug|Any CPU.ActiveCfg = Debug|Win32
		{91E04468-8B49-45BC-80CA-3145F882D867}.Debug|ARM.ActiveCfg = Debug|Win32
		{91E04468-8B49-45BC-80CA-3145F882D867}.Debug|x64.ActiveCfg = Debug|x64
		{91E04468-8B49-45BC-80CA-3145F882D867}.Debug|x64.Build.0 = Debug|x64
		{91E04468-8B49-45BC-80CA-3145F882D867}.Debug|x86.ActiveCfg = Debug|Win32
		{91E04468-8B49-45BC-80CA-3145F882D867}.Debug|x86.Build.0 = Debug|Win32
		{91E04468-8B49-45BC-80CA-3145F882D867}.Release|Any CPU.ActiveCfg = Release|Win32
		{91E04468-8B49-45BC-80CA-3145F882D867}.Release|ARM.ActiveCfg = Release|Win32
		{91E04468-8B49-45BC-80CA-3145F882D867}.Release|x64.ActiveCfg = Release|x64
		{91E04468-8B49-45BC-80CA-3145F882D867}.Release|x64.Build.0 = Release|x64
		{91E04468-8B49-45BC-80CA-3145F882D867}.Release|x86.ActiveCfg = Release|Win32
		{91E04468-8B49-45BC-80CA-3145F882D867}.Release|x86.Build.0 = Release|Win32
		{CB0FAB5A-27C9-4925-B8FA-8914E2874894}.clang_debug|Any CPU.ActiveCfg = Release|Any CPU
		{CB0FAB5A-27C9-4925-B8FA-8914E2874894}.clang_debug|Any CPU.Build.0 = Release|Any CPU
		{CB0FAB5A-27C9-4925-B8FA-8914E2874894}.clang_debug|ARM.ActiveCfg = Release|Any CPU
		{CB0FAB5A-27C9-4925-B8FA-8914E2874894}.clang_debug|ARM.Build.0 = Release|Any CPU
		{CB0FAB5A-27C9-4925-B8FA-8914E2874894}.clang_debug|x64.ActiveCfg = Release|Any CPU
		{CB0FAB5A-27C9-4925-B8FA-8914E2874894}.clang_debug|x64.Build.0 = Release|Any CPU
		{CB0FAB5A-27C9-4925-B8FA-8914E2874894}.clang_debug|x86.ActiveCfg = Release|Any CPU
		{CB0FAB5A-27C9-4925-B8FA-8914E2874894}.clang_debug|x86.Build.0 = Release|Any CPU
		{CB0FAB5A-27C9-4925-B8FA-8914E2874894}.Debug|Any CPU.ActiveCfg = Debug|Any CPU
		{CB0FAB5A-27C9-4925-B8FA-8914E2874894}.Debug|Any CPU.Build.0 = Debug|Any CPU
		{CB0FAB5A-27C9-4925-B8FA-8914E2874894}.Debug|ARM.ActiveCfg = Debug|Any CPU
		{CB0FAB5A-27C9-4925-B8FA-8914E2874894}.Debug|ARM.Build.0 = Debug|Any CPU
		{CB0FAB5A-27C9-4925-B8FA-8914E2874894}.Debug|x64.ActiveCfg = Debug|Any CPU
		{CB0FAB5A-27C9-4925-B8FA-8914E2874894}.Debug|x64.Build.0 = Debug|Any CPU
		{CB0FAB5A-27C9-4925-B8FA-8914E2874894}.Debug|x86.ActiveCfg = Debug|Any CPU
		{CB0FAB5A-27C9-4925-B8FA-8914E2874894}.Debug|x86.Build.0 = Debug|Any CPU
		{CB0FAB5A-27C9-4925-B8FA-8914E2874894}.Release|Any CPU.ActiveCfg = Release|Any CPU
		{CB0FAB5A-27C9-4925-B8FA-8914E2874894}.Release|Any CPU.Build.0 = Release|Any CPU
		{CB0FAB5A-27C9-4925-B8FA-8914E2874894}.Release|ARM.ActiveCfg = Release|Any CPU
		{CB0FAB5A-27C9-4925-B8FA-8914E2874894}.Release|ARM.Build.0 = Release|Any CPU
		{CB0FAB5A-27C9-4925-B8FA-8914E2874894}.Release|x64.ActiveCfg = Release|Any CPU
		{CB0FAB5A-27C9-4925-B8FA-8914E2874894}.Release|x64.Build.0 = Release|Any CPU
		{CB0FAB5A-27C9-4925-B8FA-8914E2874894}.Release|x86.ActiveCfg = Release|Any CPU
		{CB0FAB5A-27C9-4925-B8FA-8914E2874894}.Release|x86.Build.0 = Release|Any CPU
		{39E6AF97-6BA3-4A72-8C61-BCEBF214EBFD}.clang_debug|Any CPU.ActiveCfg = clang_debug|Win32
		{39E6AF97-6BA3-4A72-8C61-BCEBF214EBFD}.clang_debug|ARM.ActiveCfg = clang_debug|ARM
		{39E6AF97-6BA3-4A72-8C61-BCEBF214EBFD}.clang_debug|ARM.Build.0 = clang_debug|ARM
		{39E6AF97-6BA3-4A72-8C61-BCEBF214EBFD}.clang_debug|x64.ActiveCfg = clang_debug|x64
		{39E6AF97-6BA3-4A72-8C61-BCEBF214EBFD}.clang_debug|x64.Build.0 = clang_debug|x64
		{39E6AF97-6BA3-4A72-8C61-BCEBF214EBFD}.clang_debug|x86.ActiveCfg = clang_debug|Win32
		{39E6AF97-6BA3-4A72-8C61-BCEBF214EBFD}.clang_debug|x86.Build.0 = clang_debug|Win32
		{39E6AF97-6BA3-4A72-8C61-BCEBF214EBFD}.Debug|Any CPU.ActiveCfg = Debug|Win32
		{39E6AF97-6BA3-4A72-8C61-BCEBF214EBFD}.Debug|ARM.ActiveCfg = Debug|ARM
		{39E6AF97-6BA3-4A72-8C61-BCEBF214EBFD}.Debug|ARM.Build.0 = Debug|ARM
		{39E6AF97-6BA3-4A72-8C61-BCEBF214EBFD}.Debug|x64.ActiveCfg = Debug|x64
		{39E6AF97-6BA3-4A72-8C61-BCEBF214EBFD}.Debug|x64.Build.0 = Debug|x64
		{39E6AF97-6BA3-4A72-8C61-BCEBF214EBFD}.Debug|x86.ActiveCfg = Debug|Win32
		{39E6AF97-6BA3-4A72-8C61-BCEBF214EBFD}.Debug|x86.Build.0 = Debug|Win32
		{39E6AF97-6BA3-4A72-8C61-BCEBF214EBFD}.Release|Any CPU.ActiveCfg = Release|Win32
		{39E6AF97-6BA3-4A72-8C61-BCEBF214EBFD}.Release|ARM.ActiveCfg = Release|ARM
		{39E6AF97-6BA3-4A72-8C61-BCEBF214EBFD}.Release|ARM.Build.0 = Release|ARM
		{39E6AF97-6BA3-4A72-8C61-BCEBF214EBFD}.Release|x64.ActiveCfg = Release|x64
		{39E6AF97-6BA3-4A72-8C61-BCEBF214EBFD}.Release|x64.Build.0 = Release|x64
		{39E6AF97-6BA3-4A72-8C61-BCEBF214EBFD}.Release|x86.ActiveCfg = Release|Win32
		{39E6AF97-6BA3-4A72-8C61-BCEBF214EBFD}.Release|x86.Build.0 = Release|Win32
	EndGlobalSection
	GlobalSection(SolutionProperties) = preSolution
		HideSolutionNode = FALSE
	EndGlobalSection
	GlobalSection(ExtensibilityGlobals) = postSolution
		SolutionGuid = {258B7DC2-3B81-4133-97D5-A81D7EF06FDA}
	EndGlobalSection
EndGlobal
