<?xml version="1.0" encoding="utf-8"?>
<Project ToolsVersion="4.0" xmlns="http://schemas.microsoft.com/developer/msbuild/2003">
  <ItemGroup>
    <Filter Include="Source Files">
      <UniqueIdentifier>{4FC737F1-C7A5-4376-A066-2A32D752A2FF}</UniqueIdentifier>
      <Extensions>cpp;c;cc;cxx;def;odl;idl;hpj;bat;asm;asmx</Extensions>
    </Filter>
    <Filter Include="Header Files">
      <UniqueIdentifier>{93995380-89BD-4b04-88EB-625FBE52EBFB}</UniqueIdentifier>
      <Extensions>h;hh;hpp;hxx;hm;inl;inc;xsd</Extensions>
    </Filter>
    <Filter Include="Resource Files">
      <UniqueIdentifier>{67DA6AB6-F800-4c08-8B7A-83BB121AAD01}</UniqueIdentifier>
      <Extensions>rc;ico;cur;bmp;dlg;rc2;rct;bin;rgs;gif;jpg;jpeg;jpe;resx;tiff;tif;png;wav;mfcribbon-ms</Extensions>
    </Filter>
  </ItemGroup>
  <ItemGroup>
    <ClCompile Include="main.cpp">
      <Filter>Source Files</Filter>
    </ClCompile>
    <ClCompile Include="addons\scriptstdstring\scriptstdstring_utils.cpp">
      <Filter>Source Files</Filter>
    </ClCompile>
    <ClCompile Include="addons\scriptany\scriptany.cpp">
      <Filter>Source Files</Filter>
    </ClCompile>
    <ClCompile Include="addons\scriptarray\scriptarray.cpp">
      <Filter>Source Files</Filter>
    </ClCompile>
    <ClCompile Include="addons\scriptbuilder\scriptbuilder.cpp">
      <Filter>Source Files</Filter>
    </ClCompile>
    <ClCompile Include="addons\scriptdictionary\scriptdictionary.cpp">
      <Filter>Source Files</Filter>
    </ClCompile>
    <ClCompile Include="addons\scriptfile\scriptfilesystem.cpp">
      <Filter>Source Files</Filter>
    </ClCompile>
    <ClCompile Include="addons\scriptgrid\scriptgrid.cpp">
      <Filter>Source Files</Filter>
    </ClCompile>
    <ClCompile Include="addons\scripthandle\scripthandle.cpp">
      <Filter>Source Files</Filter>
    </ClCompile>
    <ClCompile Include="addons\scripthelper\scripthelper.cpp">
      <Filter>Source Files</Filter>
    </ClCompile>
    <ClCompile Include="addons\scriptmath\scriptmath.cpp">
      <Filter>Source Files</Filter>
    </ClCompile>
    <ClCompile Include="addons\scriptmath\scriptmathcomplex.cpp">
      <Filter>Source Files</Filter>
    </ClCompile>
    <ClCompile Include="addons\scriptstdstring\scriptstdstring.cpp">
      <Filter>Source Files</Filter>
    </ClCompile>
    <ClCompile Include="addons\scriptfile\scriptfile.cpp">
      <Filter>Source Files</Filter>
    </ClCompile>
  </ItemGroup>
  <ItemGroup>
    <ClInclude Include="addons\scriptany\scriptany.h">
      <Filter>Header Files</Filter>
    </ClInclude>
    <ClInclude Include="addons\scriptarray\scriptarray.h">
      <Filter>Header Files</Filter>
    </ClInclude>
    <ClInclude Include="addons\scriptbuilder\scriptbuilder.h">
      <Filter>Header Files</Filter>
    </ClInclude>
    <ClInclude Include="addons\scriptdictionary\scriptdictionary.h">
      <Filter>Header Files</Filter>
    </ClInclude>
    <ClInclude Include="addons\scriptfile\scriptfile.h">
      <Filter>Header Files</Filter>
    </ClInclude>
    <ClInclude Include="addons\scriptfile\scriptfilesystem.h">
      <Filter>Header Files</Filter>
    </ClInclude>
    <ClInclude Include="addons\scriptgrid\scriptgrid.h">
      <Filter>Header Files</Filter>
    </ClInclude>
    <ClInclude Include="addons\scripthandle\scripthandle.h">
      <Filter>Header Files</Filter>
    </ClInclude>
    <ClInclude Include="addons\scripthelper\scripthelper.h">
      <Filter>Header Files</Filter>
    </ClInclude>
    <ClInclude Include="addons\scriptmath\scriptmath.h">
      <Filter>Header Files</Filter>
    </ClInclude>
    <ClInclude Include="addons\scriptmath\scriptmathcomplex.h">
      <Filter>Header Files</Filter>
    </ClInclude>
    <ClInclude Include="addons\scriptstdstring\scriptstdstring.h">
      <Filter>Header Files</Filter>
    </ClInclude>
    <ClInclude Include="asdbg.h">
      <Filter>Header Files</Filter>
    </ClInclude>
  </ItemGroup>
</Project>